
Microsoft Visual Studio Solution File, Format Version 12.00
Project("{FAE04EC0-301F-11D3-BF4B-00C04F79EFBC}") = "MyFilesApp", "MyFilesApp\MyFilesApp.csproj", "{AC145E9C-98C1-4986-801D-9C8670B54EB5}"
EndProject
Global
	GlobalSection(SolutionConfigurationPlatforms) = preSolution
		Debug|Any CPU = Debug|Any CPU
		Release|Any CPU = Release|Any CPU
	EndGlobalSection
	GlobalSection(ProjectConfigurationPlatforms) = postSolution
		{AC145E9C-98C1-4986-801D-9C8670B54EB5}.Debug|Any CPU.ActiveCfg = Debug|Any CPU
		{AC145E9C-98C1-4986-801D-9C8670B54EB5}.Debug|Any CPU.Build.0 = Debug|Any CPU
		{AC145E9C-98C1-4986-801D-9C8670B54EB5}.Release|Any CPU.ActiveCfg = Release|Any CPU
		{AC145E9C-98C1-4986-801D-9C8670B54EB5}.Release|Any CPU.Build.0 = Release|Any CPU
	EndGlobalSection
EndGlobal
